// !$*UTF8*$!
{
	archiveVersion = 1;
	classes = {
	};
	objectVersion = 50;
	objects = {

/* Begin PBXBuildFile section */
		D5DED5A722219CEA006E35EC /* AppDelegate.swift in Sources */ = {isa = PBXBuildFile; fileRef = D5DED5A622219CEA006E35EC /* AppDelegate.swift */; };
		D5DED5A922219CEA006E35EC /* TodoListViewController.swift in Sources */ = {isa = PBXBuildFile; fileRef = D5DED5A822219CEA006E35EC /* TodoListViewController.swift */; };
		D5DED5AC22219CEA006E35EC /* Main.storyboard in Resources */ = {isa = PBXBuildFile; fileRef = D5DED5AA22219CEA006E35EC /* Main.storyboard */; };
		D5DED5AE22219CEA006E35EC /* Assets.xcassets in Resources */ = {isa = PBXBuildFile; fileRef = D5DED5AD22219CEA006E35EC /* Assets.xcassets */; };
		D5DED5B122219CEA006E35EC /* LaunchScreen.storyboard in Resources */ = {isa = PBXBuildFile; fileRef = D5DED5AF22219CEA006E35EC /* LaunchScreen.storyboard */; };
		D5DED5C022222341006E35EC /* Data Model.xcdatamodeld in Sources */ = {isa = PBXBuildFile; fileRef = D5DED5BE22222341006E35EC /* Data Model.xcdatamodeld */; };
		D5DED5E32222FDB5006E35EC /* CategoryViewController.swift in Sources */ = {isa = PBXBuildFile; fileRef = D5DED5E22222FDB5006E35EC /* CategoryViewController.swift */; };
/* End PBXBuildFile section */

/* Begin PBXFileReference section */
		D5DED5A322219CEA006E35EC /* Todoey.app */ = {isa = PBXFileReference; explicitFileType = wrapper.application; includeInIndex = 0; path = Todoey.app; sourceTree = BUILT_PRODUCTS_DIR; };
		D5DED5A622219CEA006E35EC /* AppDelegate.swift */ = {isa = PBXFileReference; lastKnownFileType = sourcecode.swift; path = AppDelegate.swift; sourceTree = "<group>"; };
		D5DED5A822219CEA006E35EC /* TodoListViewController.swift */ = {isa = PBXFileReference; lastKnownFileType = sourcecode.swift; path = TodoListViewController.swift; sourceTree = "<group>"; };
		D5DED5AB22219CEA006E35EC /* Base */ = {isa = PBXFileReference; lastKnownFileType = file.storyboard; name = Base; path = Base.lproj/Main.storyboard; sourceTree = "<group>"; };
		D5DED5AD22219CEA006E35EC /* Assets.xcassets */ = {isa = PBXFileReference; lastKnownFileType = folder.assetcatalog; path = Assets.xcassets; sourceTree = "<group>"; };
		D5DED5B022219CEA006E35EC /* Base */ = {isa = PBXFileReference; lastKnownFileType = file.storyboard; name = Base; path = Base.lproj/LaunchScreen.storyboard; sourceTree = "<group>"; };
		D5DED5B222219CEA006E35EC /* Info.plist */ = {isa = PBXFileReference; lastKnownFileType = text.plist.xml; path = Info.plist; sourceTree = "<group>"; };
		D5DED5BF22222341006E35EC /* Data Model.xcdatamodel */ = {isa = PBXFileReference; lastKnownFileType = wrapper.xcdatamodel; path = "Data Model.xcdatamodel"; sourceTree = "<group>"; };
		D5DED5E22222FDB5006E35EC /* CategoryViewController.swift */ = {isa = PBXFileReference; lastKnownFileType = sourcecode.swift; path = CategoryViewController.swift; sourceTree = "<group>"; };
/* End PBXFileReference section */

/* Begin PBXFrameworksBuildPhase section */
		D5DED5A022219CE9006E35EC /* Frameworks */ = {
			isa = PBXFrameworksBuildPhase;
			buildActionMask = 2147483647;
			files = (
			);
			runOnlyForDeploymentPostprocessing = 0;
		};
/* End PBXFrameworksBuildPhase section */

/* Begin PBXGroup section */
		D5DED59A22219CE9006E35EC = {
			isa = PBXGroup;
			children = (
				D5DED5A522219CEA006E35EC /* Todoey */,
				D5DED5A422219CEA006E35EC /* Products */,
			);
			sourceTree = "<group>";
		};
		D5DED5A422219CEA006E35EC /* Products */ = {
			isa = PBXGroup;
			children = (
				D5DED5A322219CEA006E35EC /* Todoey.app */,
			);
			name = Products;
			sourceTree = "<group>";
		};
		D5DED5A522219CEA006E35EC /* Todoey */ = {
			isa = PBXGroup;
			children = (
				D5DED5A622219CEA006E35EC /* AppDelegate.swift */,
				D5DED5BA22220745006E35EC /* Data Model */,
				D5DED5BB22220750006E35EC /* Controllers */,
				D5DED5BC2222075F006E35EC /* Views */,
				D5DED5BD2222077D006E35EC /* Supporting Files */,
				D5DED5B222219CEA006E35EC /* Info.plist */,
			);
			path = Todoey;
			sourceTree = "<group>";
		};
		D5DED5BA22220745006E35EC /* Data Model */ = {
			isa = PBXGroup;
			children = (
				D5DED5BE22222341006E35EC /* Data Model.xcdatamodeld */,
			);
			path = "Data Model";
			sourceTree = "<group>";
		};
		D5DED5BB22220750006E35EC /* Controllers */ = {
			isa = PBXGroup;
			children = (
				D5DED5E22222FDB5006E35EC /* CategoryViewController.swift */,
				D5DED5A822219CEA006E35EC /* TodoListViewController.swift */,
			);
			path = Controllers;
			sourceTree = "<group>";
		};
		D5DED5BC2222075F006E35EC /* Views */ = {
			isa = PBXGroup;
			children = (
				D5DED5AA22219CEA006E35EC /* Main.storyboard */,
			);
			path = Views;
			sourceTree = "<group>";
		};
		D5DED5BD2222077D006E35EC /* Supporting Files */ = {
			isa = PBXGroup;
			children = (
				D5DED5AD22219CEA006E35EC /* Assets.xcassets */,
				D5DED5AF22219CEA006E35EC /* LaunchScreen.storyboard */,
			);
			path = "Supporting Files";
			sourceTree = "<group>";
		};
/* End PBXGroup section */

/* Begin PBXNativeTarget section */
		D5DED5A222219CE9006E35EC /* Todoey */ = {
			isa = PBXNativeTarget;
			buildConfigurationList = D5DED5B522219CEA006E35EC /* Build configuration list for PBXNativeTarget "Todoey" */;
			buildPhases = (
				D5DED59F22219CE9006E35EC /* Sources */,
				D5DED5A022219CE9006E35EC /* Frameworks */,
				D5DED5A122219CE9006E35EC /* Resources */,
			);
			buildRules = (
			);
			dependencies = (
			);
			name = Todoey;
			productName = Todoey;
			productReference = D5DED5A322219CEA006E35EC /* Todoey.app */;
			productType = "com.apple.product-type.application";
		};
/* End PBXNativeTarget section */

/* Begin PBXProject section */
		D5DED59B22219CE9006E35EC /* Project object */ = {
			isa = PBXProject;
			attributes = {
				LastSwiftUpdateCheck = 1010;
				LastUpgradeCheck = 1010;
				ORGANIZATIONNAME = "Rich Rouse";
				TargetAttributes = {
					D5DED5A222219CE9006E35EC = {
						CreatedOnToolsVersion = 10.1;
					};
				};
			};
			buildConfigurationList = D5DED59E22219CE9006E35EC /* Build configuration list for PBXProject "Todoey" */;
			compatibilityVersion = "Xcode 9.3";
			developmentRegion = en;
			hasScannedForEncodings = 0;
			knownRegions = (
				en,
				Base,
			);
			mainGroup = D5DED59A22219CE9006E35EC;
			productRefGroup = D5DED5A422219CEA006E35EC /* Products */;
			projectDirPath = "";
			projectRoot = "";
			targets = (
				D5DED5A222219CE9006E35EC /* Todoey */,
			);
		};
/* End PBXProject section */

/* Begin PBXResourcesBuildPhase section */
		D5DED5A122219CE9006E35EC /* Resources */ = {
			isa = PBXResourcesBuildPhase;
			buildActionMask = 2147483647;
			files = (
				D5DED5B122219CEA006E35EC /* LaunchScreen.storyboard in Resources */,
				D5DED5AE22219CEA006E35EC /* Assets.xcassets in Resources */,
				D5DED5AC22219CEA006E35EC /* Main.storyboard in Resources */,
			);
			runOnlyForDeploymentPostprocessing = 0;
		};
/* End PBXResourcesBuildPhase section */

/* Begin PBXSourcesBuildPhase section */
		D5DED59F22219CE9006E35EC /* Sources */ = {
			isa = PBXSourcesBuildPhase;
			buildActionMask = 2147483647;
			files = (
				D5DED5E32222FDB5006E35EC /* CategoryViewController.swift in Sources */,
				D5DED5A922219CEA006E35EC /* TodoListViewController.swift in Sources */,
				D5DED5C022222341006E35EC /* Data Model.xcdatamodeld in Sources */,
				D5DED5A722219CEA006E35EC /* AppDelegate.swift in Sources */,
			);
			runOnlyForDeploymentPostprocessing = 0;
		};
/* End PBXSourcesBuildPhase section */

/* Begin PBXVariantGroup section */
		D5DED5AA22219CEA006E35EC /* Main.storyboard */ = {
			isa = PBXVariantGroup;
			children = (
				D5DED5AB22219CEA006E35EC /* Base */,
			);
			name = Main.storyboard;
			sourceTree = "<group>";
		};
		D5DED5AF22219CEA006E35EC /* LaunchScreen.storyboard */ = {
			isa = PBXVariantGroup;
			children = (
				D5DED5B022219CEA006E35EC /* Base */,
			);
			name = LaunchScreen.storyboard;
			sourceTree = "<group>";
		};
/* End PBXVariantGroup section */

/* Begin XCBuildConfiguration section */
		D5DED5B322219CEA006E35EC /* Debug */ = {
			isa = XCBuildConfiguration;
			buildSettings = {
				ALWAYS_SEARCH_USER_PATHS = NO;
				CLANG_ANALYZER_NONNULL = YES;
				CLANG_ANALYZER_NUMBER_OBJECT_CONVERSION = YES_AGGRESSIVE;
				CLANG_CXX_LANGUAGE_STANDARD = "gnu++14";
				CLANG_CXX_LIBRARY = "libc++";
				CLANG_ENABLE_MODULES = YES;
				CLANG_ENABLE_OBJC_ARC = YES;
				CLANG_ENABLE_OBJC_WEAK = YES;
				CLANG_WARN_BLOCK_CAPTURE_AUTORELEASING = YES;
				CLANG_WARN_BOOL_CONVERSION = YES;
				CLANG_WARN_COMMA = YES;
				CLANG_WARN_CONSTANT_CONVERSION = YES;
				CLANG_WARN_DEPRECATED_OBJC_IMPLEMENTATIONS = YES;
				CLANG_WARN_DIRECT_OBJC_ISA_USAGE = YES_ERROR;
				CLANG_WARN_DOCUMENTATION_COMMENTS = YES;
				CLANG_WARN_EMPTY_BODY = YES;
				CLANG_WARN_ENUM_CONVERSION = YES;
				CLANG_WARN_INFINITE_RECURSION = YES;
				CLANG_WARN_INT_CONVERSION = YES;
				CLANG_WARN_NON_LITERAL_NULL_CONVERSION = YES;
				CLANG_WARN_OBJC_IMPLICIT_RETAIN_SELF = YES;
				CLANG_WARN_OBJC_LITERAL_CONVERSION = YES;
				CLANG_WARN_OBJC_ROOT_CLASS = YES_ERROR;
				CLANG_WARN_RANGE_LOOP_ANALYSIS = YES;
				CLANG_WARN_STRICT_PROTOTYPES = YES;
				CLANG_WARN_SUSPICIOUS_MOVE = YES;
				CLANG_WARN_UNGUARDED_AVAILABILITY = YES_AGGRESSIVE;
				CLANG_WARN_UNREACHABLE_CODE = YES;
				CLANG_WARN__DUPLICATE_METHOD_MATCH = YES;
				CODE_SIGN_IDENTITY = "iPhone Developer";
				COPY_PHASE_STRIP = NO;
				DEBUG_INFORMATION_FORMAT = dwarf;
				ENABLE_STRICT_OBJC_MSGSEND = YES;
				ENABLE_TESTABILITY = YES;
				GCC_C_LANGUAGE_STANDARD = gnu11;
				GCC_DYNAMIC_NO_PIC = NO;
				GCC_NO_COMMON_BLOCKS = YES;
				GCC_OPTIMIZATION_LEVEL = 0;
				GCC_PREPROCESSOR_DEFINITIONS = (
					"DEBUG=1",
					"$(inherited)",
				);
				GCC_WARN_64_TO_32_BIT_CONVERSION = YES;
				GCC_WARN_ABOUT_RETURN_TYPE = YES_ERROR;
				GCC_WARN_UNDECLARED_SELECTOR = YES;
				GCC_WARN_UNINITIALIZED_AUTOS = YES_AGGRESSIVE;
				GCC_WARN_UNUSED_FUNCTION = YES;
				GCC_WARN_UNUSED_VARIABLE = YES;
				IPHONEOS_DEPLOYMENT_TARGET = 12.1;
				MTL_ENABLE_DEBUG_INFO = INCLUDE_SOURCE;
				MTL_FAST_MATH = YES;
				ONLY_ACTIVE_ARCH = YES;
				SDKROOT = iphoneos;
				SWIFT_ACTIVE_COMPILATION_CONDITIONS = DEBUG;
				SWIFT_OPTIMIZATION_LEVEL = "-Onone";
			};
			name = Debug;
		};
		D5DED5B422219CEA006E35EC /* Release */ = {
			isa = XCBuildConfiguration;
			buildSettings = {
				ALWAYS_SEARCH_USER_PATHS = NO;
				CLANG_ANALYZER_NONNULL = YES;
				CLANG_ANALYZER_NUMBER_OBJECT_CONVERSION = YES_AGGRESSIVE;
				CLANG_CXX_LANGUAGE_STANDARD = "gnu++14";
				CLANG_CXX_LIBRARY = "libc++";
				CLANG_ENABLE_MODULES = YES;
				CLANG_ENABLE_OBJC_ARC = YES;
				CLANG_ENABLE_OBJC_WEAK = YES;
				CLANG_WARN_BLOCK_CAPTURE_AUTORELEASING = YES;
				CLANG_WARN_BOOL_CONVERSION = YES;
				CLANG_WARN_COMMA = YES;
				CLANG_WARN_CONSTANT_CONVERSION = YES;
				CLANG_WARN_DEPRECATED_OBJC_IMPLEMENTATIONS = YES;
				CLANG_WARN_DIRECT_OBJC_ISA_USAGE = YES_ERROR;
				CLANG_WARN_DOCUMENTATION_COMMENTS = YES;
				CLANG_WARN_EMPTY_BODY = YES;
				CLANG_WARN_ENUM_CONVERSION = YES;
				CLANG_WARN_INFINITE_RECURSION = YES;
				CLANG_WARN_INT_CONVERSION = YES;
				CLANG_WARN_NON_LITERAL_NULL_CONVERSION = YES;
				CLANG_WARN_OBJC_IMPLICIT_RETAIN_SELF = YES;
				CLANG_WARN_OBJC_LITERAL_CONVERSION = YES;
				CLANG_WARN_OBJC_ROOT_CLASS = YES_ERROR;
				CLANG_WARN_RANGE_LOOP_ANALYSIS = YES;
				CLANG_WARN_STRICT_PROTOTYPES = YES;
				CLANG_WARN_SUSPICIOUS_MOVE = YES;
				CLANG_WARN_UNGUARDED_AVAILABILITY = YES_AGGRESSIVE;
				CLANG_WARN_UNREACHABLE_CODE = YES;
				CLANG_WARN__DUPLICATE_METHOD_MATCH = YES;
				CODE_SIGN_IDENTITY = "iPhone Developer";
				COPY_PHASE_STRIP = NO;
				DEBUG_INFORMATION_FORMAT = "dwarf-with-dsym";
				ENABLE_NS_ASSERTIONS = NO;
				ENABLE_STRICT_OBJC_MSGSEND = YES;
				GCC_C_LANGUAGE_STANDARD = gnu11;
				GCC_NO_COMMON_BLOCKS = YES;
				GCC_WARN_64_TO_32_BIT_CONVERSION = YES;
				GCC_WARN_ABOUT_RETURN_TYPE = YES_ERROR;
				GCC_WARN_UNDECLARED_SELECTOR = YES;
				GCC_WARN_UNINITIALIZED_AUTOS = YES_AGGRESSIVE;
				GCC_WARN_UNUSED_FUNCTION = YES;
				GCC_WARN_UNUSED_VARIABLE = YES;
				IPHONEOS_DEPLOYMENT_TARGET = 12.1;
				MTL_ENABLE_DEBUG_INFO = NO;
				MTL_FAST_MATH = YES;
				SDKROOT = iphoneos;
				SWIFT_COMPILATION_MODE = wholemodule;
				SWIFT_OPTIMIZATION_LEVEL = "-O";
				VALIDATE_PRODUCT = YES;
			};
			name = Release;
		};
		D5DED5B622219CEA006E35EC /* Debug */ = {
			isa = XCBuildConfiguration;
			buildSettings = {
				ASSETCATALOG_COMPILER_APPICON_NAME = AppIcon;
				CODE_SIGN_STYLE = Automatic;
				DEVELOPMENT_TEAM = 65NS2L6A46;
				INFOPLIST_FILE = Todoey/Info.plist;
				LD_RUNPATH_SEARCH_PATHS = (
					"$(inherited)",
					"@executable_path/Frameworks",
				);
				PRODUCT_BUNDLE_IDENTIFIER = com.tfgoose.Todoey;
				PRODUCT_NAME = "$(TARGET_NAME)";
				SWIFT_VERSION = 4.2;
				TARGETED_DEVICE_FAMILY = "1,2";
			};
			name = Debug;
		};
		D5DED5B722219CEA006E35EC /* Release */ = {
			isa = XCBuildConfiguration;
			buildSettings = {
				ASSETCATALOG_COMPILER_APPICON_NAME = AppIcon;
				CODE_SIGN_STYLE = Automatic;
				DEVELOPMENT_TEAM = 65NS2L6A46;
				INFOPLIST_FILE = Todoey/Info.plist;
				LD_RUNPATH_SEARCH_PATHS = (
					"$(inherited)",
					"@executable_path/Frameworks",
				);
				PRODUCT_BUNDLE_IDENTIFIER = com.tfgoose.Todoey;
				PRODUCT_NAME = "$(TARGET_NAME)";
				SWIFT_VERSION = 4.2;
				TARGETED_DEVICE_FAMILY = "1,2";
			};
			name = Release;
		};
/* End XCBuildConfiguration section */

/* Begin XCConfigurationList section */
		D5DED59E22219CE9006E35EC /* Build configuration list for PBXProject "Todoey" */ = {
			isa = XCConfigurationList;
			buildConfigurations = (
				D5DED5B322219CEA006E35EC /* Debug */,
				D5DED5B422219CEA006E35EC /* Release */,
			);
			defaultConfigurationIsVisible = 0;
			defaultConfigurationName = Release;
		};
		D5DED5B522219CEA006E35EC /* Build configuration list for PBXNativeTarget "Todoey" */ = {
			isa = XCConfigurationList;
			buildConfigurations = (
				D5DED5B622219CEA006E35EC /* Debug */,
				D5DED5B722219CEA006E35EC /* Release */,
			);
			defaultConfigurationIsVisible = 0;
			defaultConfigurationName = Release;
		};
/* End XCConfigurationList section */

/* Begin XCVersionGroup section */
		D5DED5BE22222341006E35EC /* Data Model.xcdatamodeld */ = {
			isa = XCVersionGroup;
			children = (
				D5DED5BF22222341006E35EC /* Data Model.xcdatamodel */,
			);
			currentVersion = D5DED5BF22222341006E35EC /* Data Model.xcdatamodel */;
			path = "Data Model.xcdatamodeld";
			sourceTree = "<group>";
			versionGroupType = wrapper.xcdatamodel;
		};
/* End XCVersionGroup section */
	};
	rootObject = D5DED59B22219CE9006E35EC /* Project object */;
}
